
Microsoft Visual Studio Solution File, Format Version 12.00
# Visual Studio Version 17
VisualStudioVersion = 17.7.34202.233
MinimumVisualStudioVersion = 10.0.40219.1
Project("{9A19103F-16F7-4668-BE54-9A1E7A4F7556}") = "techchallenge-microservico-pedido", "techchallenge-microservico-pedido\techchallenge-microservico-pedido.csproj", "{B9528485-FBDD-49D0-BCEB-ED21EAD5DA00}"
EndProject
Project("{2150E333-8FDC-42A3-9474-1A3956D46DE8}") = "Tests", "Tests", "{ACFD6E7F-0AE6-47F1-9EDE-DE3B7AAF5EBB}"
EndProject
Project("{9A19103F-16F7-4668-BE54-9A1E7A4F7556}") = "techchallenge-microservico-pedido-test", "techchallenge-microservico-pedido-test\techchallenge-microservico-pedido-test.csproj", "{137F5FC0-8FAD-472C-AD35-F0B93910A8F9}"
EndProject
Project("{2150E333-8FDC-42A3-9474-1A3956D46DE8}") = "Adapter", "Adapter", "{1EF0F47E-E7D0-4800-B25E-5CF6E54F54A5}"
EndProject
Project("{2150E333-8FDC-42A3-9474-1A3956D46DE8}") = "Core", "Core", "{15183933-EC51-4AC4-97EC-C9FC6F57250F}"
EndProject
Project("{9A19103F-16F7-4668-BE54-9A1E7A4F7556}") = "Application", "Application\Application.csproj", "{B4D21771-6A78-4083-9846-F71A8D8E908B}"
EndProject
Project("{9A19103F-16F7-4668-BE54-9A1E7A4F7556}") = "Domain", "Domain\Domain.csproj", "{617C2045-2C58-438E-8473-2256E57C61C3}"
EndProject
Project("{2150E333-8FDC-42A3-9474-1A3956D46DE8}") = "Driven", "Driven", "{E423223D-8E55-4C38-8FCC-C164E93170D2}"
EndProject
Project("{2150E333-8FDC-42A3-9474-1A3956D46DE8}") = "Driver", "Driver", "{EE3E04C5-DD4F-42C2-9D58-FB7787A6E016}"
EndProject
Project("{9A19103F-16F7-4668-BE54-9A1E7A4F7556}") = "Infra", "Infra\Infra.csproj", "{F8E78C33-0D9C-4BFA-9B33-CFA11FE35C84}"
EndProject
Project("{9A19103F-16F7-4668-BE54-9A1E7A4F7556}") = "SpecFlowBDDTests", "SpecFlowProject1\SpecFlowBDDTests.csproj", "{BF324441-6C09-4F3A-AB9B-8F8D7B4C59FB}"
EndProject
Project("{E53339B2-1760-4266-BCC7-CA923CBCF16C}") = "docker-compose", "docker-compose.dcproj", "{D197FC66-7F77-4644-ABF6-90E0D20D2CC6}"
EndProject
Project("{2150E333-8FDC-42A3-9474-1A3956D46DE8}") = "Function", "Function", "{1F2789AE-9786-4F22-B9BA-45B8A8B0944F}"
EndProject
Project("{9A19103F-16F7-4668-BE54-9A1E7A4F7556}") = "PedidoLambdaFunction", "PedidoLambdaFunction\PedidoLambdaFunction.csproj", "{5C5C495C-E872-46C2-8124-F686F7FBD792}"
EndProject
Global
	GlobalSection(SolutionConfigurationPlatforms) = preSolution
		Debug|Any CPU = Debug|Any CPU
		Release|Any CPU = Release|Any CPU
	EndGlobalSection
	GlobalSection(ProjectConfigurationPlatforms) = postSolution
		{B9528485-FBDD-49D0-BCEB-ED21EAD5DA00}.Debug|Any CPU.ActiveCfg = Debug|Any CPU
		{B9528485-FBDD-49D0-BCEB-ED21EAD5DA00}.Debug|Any CPU.Build.0 = Debug|Any CPU
		{B9528485-FBDD-49D0-BCEB-ED21EAD5DA00}.Release|Any CPU.ActiveCfg = Release|Any CPU
		{B9528485-FBDD-49D0-BCEB-ED21EAD5DA00}.Release|Any CPU.Build.0 = Release|Any CPU
		{137F5FC0-8FAD-472C-AD35-F0B93910A8F9}.Debug|Any CPU.ActiveCfg = Debug|Any CPU
		{137F5FC0-8FAD-472C-AD35-F0B93910A8F9}.Debug|Any CPU.Build.0 = Debug|Any CPU
		{137F5FC0-8FAD-472C-AD35-F0B93910A8F9}.Release|Any CPU.ActiveCfg = Release|Any CPU
		{137F5FC0-8FAD-472C-AD35-F0B93910A8F9}.Release|Any CPU.Build.0 = Release|Any CPU
		{B4D21771-6A78-4083-9846-F71A8D8E908B}.Debug|Any CPU.ActiveCfg = Debug|Any CPU
		{B4D21771-6A78-4083-9846-F71A8D8E908B}.Debug|Any CPU.Build.0 = Debug|Any CPU
		{B4D21771-6A78-4083-9846-F71A8D8E908B}.Release|Any CPU.ActiveCfg = Release|Any CPU
		{B4D21771-6A78-4083-9846-F71A8D8E908B}.Release|Any CPU.Build.0 = Release|Any CPU
		{617C2045-2C58-438E-8473-2256E57C61C3}.Debug|Any CPU.ActiveCfg = Debug|Any CPU
		{617C2045-2C58-438E-8473-2256E57C61C3}.Debug|Any CPU.Build.0 = Debug|Any CPU
		{617C2045-2C58-438E-8473-2256E57C61C3}.Release|Any CPU.ActiveCfg = Release|Any CPU
		{617C2045-2C58-438E-8473-2256E57C61C3}.Release|Any CPU.Build.0 = Release|Any CPU
		{F8E78C33-0D9C-4BFA-9B33-CFA11FE35C84}.Debug|Any CPU.ActiveCfg = Debug|Any CPU
		{F8E78C33-0D9C-4BFA-9B33-CFA11FE35C84}.Debug|Any CPU.Build.0 = Debug|Any CPU
		{F8E78C33-0D9C-4BFA-9B33-CFA11FE35C84}.Release|Any CPU.ActiveCfg = Release|Any CPU
		{F8E78C33-0D9C-4BFA-9B33-CFA11FE35C84}.Release|Any CPU.Build.0 = Release|Any CPU
		{BF324441-6C09-4F3A-AB9B-8F8D7B4C59FB}.Debug|Any CPU.ActiveCfg = Debug|Any CPU
		{BF324441-6C09-4F3A-AB9B-8F8D7B4C59FB}.Debug|Any CPU.Build.0 = Debug|Any CPU
		{BF324441-6C09-4F3A-AB9B-8F8D7B4C59FB}.Release|Any CPU.ActiveCfg = Release|Any CPU
		{BF324441-6C09-4F3A-AB9B-8F8D7B4C59FB}.Release|Any CPU.Build.0 = Release|Any CPU
		{D197FC66-7F77-4644-ABF6-90E0D20D2CC6}.Debug|Any CPU.ActiveCfg = Debug|Any CPU
		{D197FC66-7F77-4644-ABF6-90E0D20D2CC6}.Debug|Any CPU.Build.0 = Debug|Any CPU
		{D197FC66-7F77-4644-ABF6-90E0D20D2CC6}.Release|Any CPU.ActiveCfg = Release|Any CPU
		{D197FC66-7F77-4644-ABF6-90E0D20D2CC6}.Release|Any CPU.Build.0 = Release|Any CPU
		{5C5C495C-E872-46C2-8124-F686F7FBD792}.Debug|Any CPU.ActiveCfg = Debug|Any CPU
		{5C5C495C-E872-46C2-8124-F686F7FBD792}.Debug|Any CPU.Build.0 = Debug|Any CPU
		{5C5C495C-E872-46C2-8124-F686F7FBD792}.Release|Any CPU.ActiveCfg = Release|Any CPU
		{5C5C495C-E872-46C2-8124-F686F7FBD792}.Release|Any CPU.Build.0 = Release|Any CPU
	EndGlobalSection
	GlobalSection(SolutionProperties) = preSolution
		HideSolutionNode = FALSE
	EndGlobalSection
	GlobalSection(NestedProjects) = preSolution
		{B9528485-FBDD-49D0-BCEB-ED21EAD5DA00} = {EE3E04C5-DD4F-42C2-9D58-FB7787A6E016}
		{137F5FC0-8FAD-472C-AD35-F0B93910A8F9} = {ACFD6E7F-0AE6-47F1-9EDE-DE3B7AAF5EBB}
		{B4D21771-6A78-4083-9846-F71A8D8E908B} = {15183933-EC51-4AC4-97EC-C9FC6F57250F}
		{617C2045-2C58-438E-8473-2256E57C61C3} = {15183933-EC51-4AC4-97EC-C9FC6F57250F}
		{E423223D-8E55-4C38-8FCC-C164E93170D2} = {1EF0F47E-E7D0-4800-B25E-5CF6E54F54A5}
		{EE3E04C5-DD4F-42C2-9D58-FB7787A6E016} = {1EF0F47E-E7D0-4800-B25E-5CF6E54F54A5}
		{F8E78C33-0D9C-4BFA-9B33-CFA11FE35C84} = {E423223D-8E55-4C38-8FCC-C164E93170D2}
		{BF324441-6C09-4F3A-AB9B-8F8D7B4C59FB} = {ACFD6E7F-0AE6-47F1-9EDE-DE3B7AAF5EBB}
		{1F2789AE-9786-4F22-B9BA-45B8A8B0944F} = {EE3E04C5-DD4F-42C2-9D58-FB7787A6E016}
		{5C5C495C-E872-46C2-8124-F686F7FBD792} = {1F2789AE-9786-4F22-B9BA-45B8A8B0944F}
	EndGlobalSection
	GlobalSection(ExtensibilityGlobals) = postSolution
		SolutionGuid = {7EEDDC01-705B-4753-9DEC-A8C651D1E0C4}
	EndGlobalSection
EndGlobal
